// !$*UTF8*$!
{
	archiveVersion = 1;
	classes = {
	};
	objectVersion = 46;
	objects = {

/* Begin PBXBuildFile section */
		CD19B11F1C7881890074518D /* AppDelegate.swift in Sources */ = {isa = PBXBuildFile; fileRef = CD19B11E1C7881890074518D /* AppDelegate.swift */; };
		CD19B1211C7881890074518D /* ViewController.swift in Sources */ = {isa = PBXBuildFile; fileRef = CD19B1201C7881890074518D /* ViewController.swift */; };
		CD19B1241C7881890074518D /* Main.storyboard in Resources */ = {isa = PBXBuildFile; fileRef = CD19B1221C7881890074518D /* Main.storyboard */; };
		CD19B1261C7881890074518D /* Assets.xcassets in Resources */ = {isa = PBXBuildFile; fileRef = CD19B1251C7881890074518D /* Assets.xcassets */; };
		CD19B1291C7881890074518D /* LaunchScreen.storyboard in Resources */ = {isa = PBXBuildFile; fileRef = CD19B1271C7881890074518D /* LaunchScreen.storyboard */; };
/* End PBXBuildFile section */

/* Begin PBXFileReference section */
		CD19B11B1C7881890074518D /* iOS-MVC.app */ = {isa = PBXFileReference; explicitFileType = wrapper.application; includeInIndex = 0; path = "iOS-MVC.app"; sourceTree = BUILT_PRODUCTS_DIR; };
		CD19B11E1C7881890074518D /* AppDelegate.swift */ = {isa = PBXFileReference; lastKnownFileType = sourcecode.swift; path = AppDelegate.swift; sourceTree = "<group>"; };
		CD19B1201C7881890074518D /* ViewController.swift */ = {isa = PBXFileReference; lastKnownFileType = sourcecode.swift; path = ViewController.swift; sourceTree = "<group>"; };
		CD19B1231C7881890074518D /* Base */ = {isa = PBXFileReference; lastKnownFileType = file.storyboard; name = Base; path = Base.lproj/Main.storyboard; sourceTree = "<group>"; };
		CD19B1251C7881890074518D /* Assets.xcassets */ = {isa = PBXFileReference; lastKnownFileType = folder.assetcatalog; path = Assets.xcassets; sourceTree = "<group>"; };
		CD19B1281C7881890074518D /* Base */ = {isa = PBXFileReference; lastKnownFileType = file.storyboard; name = Base; path = Base.lproj/LaunchScreen.storyboard; sourceTree = "<group>"; };
		CD19B12A1C7881890074518D /* Info.plist */ = {isa = PBXFileReference; lastKnownFileType = text.plist.xml; path = Info.plist; sourceTree = "<group>"; };
/* End PBXFileReference section */

/* Begin PBXFrameworksBuildPhase section */
		CD19B1181C7881890074518D /* Frameworks */ = {
			isa = PBXFrameworksBuildPhase;
			buildActionMask = 2147483647;
			files = (
			);
			runOnlyForDeploymentPostprocessing = 0;
		};
/* End PBXFrameworksBuildPhase section */

/* Begin PBXGroup section */
		CD19B1121C7881890074518D = {
			isa = PBXGroup;
			children = (
				CD19B11D1C7881890074518D /* iOS-MVC */,
				CD19B11C1C7881890074518D /* Products */,
			);
			sourceTree = "<group>";
		};
		CD19B11C1C7881890074518D /* Products */ = {
			isa = PBXGroup;
			children = (
				CD19B11B1C7881890074518D /* iOS-MVC.app */,
			);
			name = Products;
			sourceTree = "<group>";
		};
		CD19B11D1C7881890074518D /* iOS-MVC */ = {
			isa = PBXGroup;
			children = (
				CD19B11E1C7881890074518D /* AppDelegate.swift */,
				CD19B1201C7881890074518D /* ViewController.swift */,
				CD19B1221C7881890074518D /* Main.storyboard */,
				CD19B1251C7881890074518D /* Assets.xcassets */,
				CD19B1271C7881890074518D /* LaunchScreen.storyboard */,
				CD19B12A1C7881890074518D /* Info.plist */,
			);
			path = "iOS-MVC";
			sourceTree = "<group>";
		};
/* End PBXGroup section */

/* Begin PBXNativeTarget section */
		CD19B11A1C7881890074518D /* iOS-MVC */ = {
			isa = PBXNativeTarget;
			buildConfigurationList = CD19B12D1C7881890074518D /* Build configuration list for PBXNativeTarget "iOS-MVC" */;
			buildPhases = (
				CD19B1171C7881890074518D /* Sources */,
				CD19B1181C7881890074518D /* Frameworks */,
				CD19B1191C7881890074518D /* Resources */,
			);
			buildRules = (
			);
			dependencies = (
			);
			name = "iOS-MVC";
			productName = "iOS-MVC";
			productReference = CD19B11B1C7881890074518D /* iOS-MVC.app */;
			productType = "com.apple.product-type.application";
		};
/* End PBXNativeTarget section */

/* Begin PBXProject section */
		CD19B1131C7881890074518D /* Project object */ = {
			isa = PBXProject;
			attributes = {
				LastSwiftUpdateCheck = 0720;
				LastUpgradeCheck = 0720;
				ORGANIZATIONNAME = "Ciprian Cojan";
				TargetAttributes = {
					CD19B11A1C7881890074518D = {
						CreatedOnToolsVersion = 7.2.1;
					};
				};
			};
			buildConfigurationList = CD19B1161C7881890074518D /* Build configuration list for PBXProject "iOS-MVC" */;
			compatibilityVersion = "Xcode 3.2";
			developmentRegion = English;
			hasScannedForEncodings = 0;
			knownRegions = (
				en,
				Base,
			);
			mainGroup = CD19B1121C7881890074518D;
			productRefGroup = CD19B11C1C7881890074518D /* Products */;
			projectDirPath = "";
			projectRoot = "";
			targets = (
				CD19B11A1C7881890074518D /* iOS-MVC */,
			);
		};
/* End PBXProject section */

/* Begin PBXResourcesBuildPhase section */
		CD19B1191C7881890074518D /* Resources */ = {
			isa = PBXResourcesBuildPhase;
			buildActionMask = 2147483647;
			files = (
				CD19B1291C7881890074518D /* LaunchScreen.storyboard in Resources */,
				CD19B1261C7881890074518D /* Assets.xcassets in Resources */,
				CD19B1241C7881890074518D /* Main.storyboard in Resources */,
			);
			runOnlyForDeploymentPostprocessing = 0;
		};
/* End PBXResourcesBuildPhase section */

/* Begin PBXSourcesBuildPhase section */
		CD19B1171C7881890074518D /* Sources */ = {
			isa = PBXSourcesBuildPhase;
			buildActionMask = 2147483647;
			files = (
				CD19B1211C7881890074518D /* ViewController.swift in Sources */,
				CD19B11F1C7881890074518D /* AppDelegate.swift in Sources */,
			);
			runOnlyForDeploymentPostprocessing = 0;
		};
/* End PBXSourcesBuildPhase section */

/* Begin PBXVariantGroup section */
		CD19B1221C7881890074518D /* Main.storyboard */ = {
			isa = PBXVariantGroup;
			children = (
				CD19B1231C7881890074518D /* Base */,
			);
			name = Main.storyboard;
			sourceTree = "<group>";
		};
		CD19B1271C7881890074518D /* LaunchScreen.storyboard */ = {
			isa = PBXVariantGroup;
			children = (
				CD19B1281C7881890074518D /* Base */,
			);
			name = LaunchScreen.storyboard;
			sourceTree = "<group>";
		};
/* End PBXVariantGroup section */

/* Begin XCBuildConfiguration section */
		CD19B12B1C7881890074518D /* Debug */ = {
			isa = XCBuildConfiguration;
			buildSettings = {
				ALWAYS_SEARCH_USER_PATHS = NO;
				CLANG_CXX_LANGUAGE_STANDARD = "gnu++0x";
				CLANG_CXX_LIBRARY = "libc++";
				CLANG_ENABLE_MODULES = YES;
				CLANG_ENABLE_OBJC_ARC = YES;
				CLANG_WARN_BOOL_CONVERSION = YES;
				CLANG_WARN_CONSTANT_CONVERSION = YES;
				CLANG_WARN_DIRECT_OBJC_ISA_USAGE = YES_ERROR;
				CLANG_WARN_EMPTY_BODY = YES;
				CLANG_WARN_ENUM_CONVERSION = YES;
				CLANG_WARN_INT_CONVERSION = YES;
				CLANG_WARN_OBJC_ROOT_CLASS = YES_ERROR;
				CLANG_WARN_UNREACHABLE_CODE = YES;
				CLANG_WARN__DUPLICATE_METHOD_MATCH = YES;
				"CODE_SIGN_IDENTITY[sdk=iphoneos*]" = "iPhone Developer";
				COPY_PHASE_STRIP = NO;
				DEBUG_INFORMATION_FORMAT = dwarf;
				ENABLE_STRICT_OBJC_MSGSEND = YES;
				ENABLE_TESTABILITY = YES;
				GCC_C_LANGUAGE_STANDARD = gnu99;
				GCC_DYNAMIC_NO_PIC = NO;
				GCC_NO_COMMON_BLOCKS = YES;
				GCC_OPTIMIZATION_LEVEL = 0;
				GCC_PREPROCESSOR_DEFINITIONS = (
					"DEBUG=1",
					"$(inherited)",
				);
				GCC_WARN_64_TO_32_BIT_CONVERSION = YES;
				GCC_WARN_ABOUT_RETURN_TYPE = YES_ERROR;
				GCC_WARN_UNDECLARED_SELECTOR = YES;
				GCC_WARN_UNINITIALIZED_AUTOS = YES_AGGRESSIVE;
				GCC_WARN_UNUSED_FUNCTION = YES;
				GCC_WARN_UNUSED_VARIABLE = YES;
				IPHONEOS_DEPLOYMENT_TARGET = 9.2;
				MTL_ENABLE_DEBUG_INFO = YES;
				ONLY_ACTIVE_ARCH = YES;
				SDKROOT = iphoneos;
				SWIFT_OPTIMIZATION_LEVEL = "-Onone";
			};
			name = Debug;
		};
		CD19B12C1C7881890074518D /* Release */ = {
			isa = XCBuildConfiguration;
			buildSettings = {
				ALWAYS_SEARCH_USER_PATHS = NO;
				CLANG_CXX_LANGUAGE_STANDARD = "gnu++0x";
				CLANG_CXX_LIBRARY = "libc++";
				CLANG_ENABLE_MODULES = YES;
				CLANG_ENABLE_OBJC_ARC = YES;
				CLANG_WARN_BOOL_CONVERSION = YES;
				CLANG_WARN_CONSTANT_CONVERSION = YES;
				CLANG_WARN_DIRECT_OBJC_ISA_USAGE = YES_ERROR;
				CLANG_WARN_EMPTY_BODY = YES;
				CLANG_WARN_ENUM_CONVERSION = YES;
				CLANG_WARN_INT_CONVERSION = YES;
				CLANG_WARN_OBJC_ROOT_CLASS = YES_ERROR;
				CLANG_WARN_UNREACHABLE_CODE = YES;
				CLANG_WARN__DUPLICATE_METHOD_MATCH = YES;
				"CODE_SIGN_IDENTITY[sdk=iphoneos*]" = "iPhone Developer";
				COPY_PHASE_STRIP = NO;
				DEBUG_INFORMATION_FORMAT = "dwarf-with-dsym";
				ENABLE_NS_ASSERTIONS = NO;
				ENABLE_STRICT_OBJC_MSGSEND = YES;
				GCC_C_LANGUAGE_STANDARD = gnu99;
				GCC_NO_COMMON_BLOCKS = YES;
				GCC_WARN_64_TO_32_BIT_CONVERSION = YES;
				GCC_WARN_ABOUT_RETURN_TYPE = YES_ERROR;
				GCC_WARN_UNDECLARED_SELECTOR = YES;
				GCC_WARN_UNINITIALIZED_AUTOS = YES_AGGRESSIVE;
				GCC_WARN_UNUSED_FUNCTION = YES;
				GCC_WARN_UNUSED_VARIABLE = YES;
				IPHONEOS_DEPLOYMENT_TARGET = 9.2;
				MTL_ENABLE_DEBUG_INFO = NO;
				SDKROOT = iphoneos;
				VALIDATE_PRODUCT = YES;
			};
			name = Release;
		};
		CD19B12E1C7881890074518D /* Debug */ = {
			isa = XCBuildConfiguration;
			buildSettings = {
				ASSETCATALOG_COMPILER_APPICON_NAME = AppIcon;
				INFOPLIST_FILE = "iOS-MVC/Info.plist";
				LD_RUNPATH_SEARCH_PATHS = "$(inherited) @executable_path/Frameworks";
				PRODUCT_BUNDLE_IDENTIFIER = "cipriancojan.iOS-MVC";
				PRODUCT_NAME = "$(TARGET_NAME)";
			};
			name = Debug;
		};
		CD19B12F1C7881890074518D /* Release */ = {
			isa = XCBuildConfiguration;
			buildSettings = {
				ASSETCATALOG_COMPILER_APPICON_NAME = AppIcon;
				INFOPLIST_FILE = "iOS-MVC/Info.plist";
				LD_RUNPATH_SEARCH_PATHS = "$(inherited) @executable_path/Frameworks";
				PRODUCT_BUNDLE_IDENTIFIER = "cipriancojan.iOS-MVC";
				PRODUCT_NAME = "$(TARGET_NAME)";
			};
			name = Release;
		};
/* End XCBuildConfiguration section */

/* Begin XCConfigurationList section */
		CD19B1161C7881890074518D /* Build configuration list for PBXProject "iOS-MVC" */ = {
			isa = XCConfigurationList;
			buildConfigurations = (
				CD19B12B1C7881890074518D /* Debug */,
				CD19B12C1C7881890074518D /* Release */,
			);
			defaultConfigurationIsVisible = 0;
			defaultConfigurationName = Release;
		};
		CD19B12D1C7881890074518D /* Build configuration list for PBXNativeTarget "iOS-MVC" */ = {
			isa = XCConfigurationList;
			buildConfigurations = (
				CD19B12E1C7881890074518D /* Debug */,
				CD19B12F1C7881890074518D /* Release */,
			);
			defaultConfigurationIsVisible = 0;
		};
/* End XCConfigurationList section */
	};
	rootObject = CD19B1131C7881890074518D /* Project object */;
}
